{
  "nodes": {
    "nixpkgs": {
      "locked": {
        "lastModified": 1667564121,
        "narHash": "sha256-DlR65WyEW78cBmnOhxDzfvNQ9euJEGctSl77olqEaLg=",
        "owner": "nixos",
        "repo": "nixpkgs",
        "rev": "1404483f4531560aad73bdebae4096881c910ac0",
        "type": "github"
      },
      "original": {
        "owner": "nixos",
        "ref": "nixos-22.05",
        "repo": "nixpkgs",
        "type": "github"
      }
    },
    "root": {
      "inputs": {
        "nixpkgs": "nixpkgs"
      }
    }
  },
  "root": "root",
  "version": 7
}
